// !$*UTF8*$!
{
	archiveVersion = 1;
	classes = {
	};
	objectVersion = 48;
	objects = {

/* Begin PBXBuildFile section */
		BD67452620026F3200840B6F /* AppDelegate.swift in Sources */ = {isa = PBXBuildFile; fileRef = BD67452520026F3200840B6F /* AppDelegate.swift */; };
		BD67452820026F3200840B6F /* ViewController.swift in Sources */ = {isa = PBXBuildFile; fileRef = BD67452720026F3200840B6F /* ViewController.swift */; };
		BD67452B20026F3200840B6F /* Main.storyboard in Resources */ = {isa = PBXBuildFile; fileRef = BD67452920026F3200840B6F /* Main.storyboard */; };
		BD67452D20026F3200840B6F /* Assets.xcassets in Resources */ = {isa = PBXBuildFile; fileRef = BD67452C20026F3200840B6F /* Assets.xcassets */; };
		BD67453020026F3200840B6F /* LaunchScreen.storyboard in Resources */ = {isa = PBXBuildFile; fileRef = BD67452E20026F3200840B6F /* LaunchScreen.storyboard */; };
		BD70037920039C8B00808A24 /* MobileCoreServices.framework in Frameworks */ = {isa = PBXBuildFile; fileRef = BD70037820039C8B00808A24 /* MobileCoreServices.framework */; };
		BDDF885020036E5E00683827 /* Screenshot.swift in Sources */ = {isa = PBXBuildFile; fileRef = BDDF884F20036E5E00683827 /* Screenshot.swift */; };
		BDF60FFF2003552200F54107 /* UIView+screenshot.swift in Sources */ = {isa = PBXBuildFile; fileRef = BDF60FFE2003552200F54107 /* UIView+screenshot.swift */; };
		BDF610192003623100F54107 /* CollectionViewCell.swift in Sources */ = {isa = PBXBuildFile; fileRef = BDF610182003623100F54107 /* CollectionViewCell.swift */; };
		BDF6101B2003627D00F54107 /* PhotosViewController.swift in Sources */ = {isa = PBXBuildFile; fileRef = BDF6101A2003627D00F54107 /* PhotosViewController.swift */; };
		BDF6101D200362A100F54107 /* DataStore.swift in Sources */ = {isa = PBXBuildFile; fileRef = BDF6101C200362A100F54107 /* DataStore.swift */; };
/* End PBXBuildFile section */

/* Begin PBXFileReference section */
		BD67452220026F3200840B6F /* WebsiteShots.app */ = {isa = PBXFileReference; explicitFileType = wrapper.application; includeInIndex = 0; path = WebsiteShots.app; sourceTree = BUILT_PRODUCTS_DIR; };
		BD67452520026F3200840B6F /* AppDelegate.swift */ = {isa = PBXFileReference; lastKnownFileType = sourcecode.swift; path = AppDelegate.swift; sourceTree = "<group>"; };
		BD67452720026F3200840B6F /* ViewController.swift */ = {isa = PBXFileReference; lastKnownFileType = sourcecode.swift; path = ViewController.swift; sourceTree = "<group>"; };
		BD67452A20026F3200840B6F /* Base */ = {isa = PBXFileReference; lastKnownFileType = file.storyboard; name = Base; path = Base.lproj/Main.storyboard; sourceTree = "<group>"; };
		BD67452C20026F3200840B6F /* Assets.xcassets */ = {isa = PBXFileReference; lastKnownFileType = folder.assetcatalog; path = Assets.xcassets; sourceTree = "<group>"; };
		BD67452F20026F3200840B6F /* Base */ = {isa = PBXFileReference; lastKnownFileType = file.storyboard; name = Base; path = Base.lproj/LaunchScreen.storyboard; sourceTree = "<group>"; };
		BD67453120026F3200840B6F /* Info.plist */ = {isa = PBXFileReference; lastKnownFileType = text.plist.xml; path = Info.plist; sourceTree = "<group>"; };
		BD70037820039C8B00808A24 /* MobileCoreServices.framework */ = {isa = PBXFileReference; lastKnownFileType = wrapper.framework; name = MobileCoreServices.framework; path = System/Library/Frameworks/MobileCoreServices.framework; sourceTree = SDKROOT; };
		BDDF884F20036E5E00683827 /* Screenshot.swift */ = {isa = PBXFileReference; lastKnownFileType = sourcecode.swift; path = Screenshot.swift; sourceTree = "<group>"; };
		BDF60FFE2003552200F54107 /* UIView+screenshot.swift */ = {isa = PBXFileReference; lastKnownFileType = sourcecode.swift; path = "UIView+screenshot.swift"; sourceTree = "<group>"; };
		BDF610182003623100F54107 /* CollectionViewCell.swift */ = {isa = PBXFileReference; fileEncoding = 4; lastKnownFileType = sourcecode.swift; name = CollectionViewCell.swift; path = "../../../../../../Users/ahmed-lotfy/Downloads/Collection-View-Data-Source-Blog-master/CollectionViewBlog/CollectionViewCell.swift"; sourceTree = "<group>"; };
		BDF6101A2003627D00F54107 /* PhotosViewController.swift */ = {isa = PBXFileReference; fileEncoding = 4; lastKnownFileType = sourcecode.swift; path = PhotosViewController.swift; sourceTree = "<group>"; };
		BDF6101C200362A100F54107 /* DataStore.swift */ = {isa = PBXFileReference; fileEncoding = 4; lastKnownFileType = sourcecode.swift; path = DataStore.swift; sourceTree = "<group>"; };
/* End PBXFileReference section */

/* Begin PBXFrameworksBuildPhase section */
		BD67451F20026F3200840B6F /* Frameworks */ = {
			isa = PBXFrameworksBuildPhase;
			buildActionMask = 2147483647;
			files = (
				BD70037920039C8B00808A24 /* MobileCoreServices.framework in Frameworks */,
			);
			runOnlyForDeploymentPostprocessing = 0;
		};
/* End PBXFrameworksBuildPhase section */

/* Begin PBXGroup section */
		BD67451920026F3200840B6F = {
			isa = PBXGroup;
			children = (
				BD67452420026F3200840B6F /* WebsiteShots */,
				BD67452320026F3200840B6F /* Products */,
				BD70037720039C8A00808A24 /* Frameworks */,
			);
			sourceTree = "<group>";
		};
		BD67452320026F3200840B6F /* Products */ = {
			isa = PBXGroup;
			children = (
				BD67452220026F3200840B6F /* WebsiteShots.app */,
			);
			name = Products;
			sourceTree = "<group>";
		};
		BD67452420026F3200840B6F /* WebsiteShots */ = {
			isa = PBXGroup;
			children = (
				BD67452520026F3200840B6F /* AppDelegate.swift */,
				BD67452720026F3200840B6F /* ViewController.swift */,
				BDF6101A2003627D00F54107 /* PhotosViewController.swift */,
				BDF60FFE2003552200F54107 /* UIView+screenshot.swift */,
				BDF6101C200362A100F54107 /* DataStore.swift */,
				BDDF884F20036E5E00683827 /* Screenshot.swift */,
				BDF610182003623100F54107 /* CollectionViewCell.swift */,
				BD67452920026F3200840B6F /* Main.storyboard */,
				BD67452C20026F3200840B6F /* Assets.xcassets */,
				BD67452E20026F3200840B6F /* LaunchScreen.storyboard */,
				BD67453120026F3200840B6F /* Info.plist */,
			);
			path = WebsiteShots;
			sourceTree = "<group>";
		};
		BD70037720039C8A00808A24 /* Frameworks */ = {
			isa = PBXGroup;
			children = (
				BD70037820039C8B00808A24 /* MobileCoreServices.framework */,
			);
			name = Frameworks;
			sourceTree = "<group>";
		};
/* End PBXGroup section */

/* Begin PBXNativeTarget section */
		BD67452120026F3200840B6F /* WebsiteShots */ = {
			isa = PBXNativeTarget;
			buildConfigurationList = BD67453420026F3200840B6F /* Build configuration list for PBXNativeTarget "WebsiteShots" */;
			buildPhases = (
				BD67451E20026F3200840B6F /* Sources */,
				BD67451F20026F3200840B6F /* Frameworks */,
				BD67452020026F3200840B6F /* Resources */,
			);
			buildRules = (
			);
			dependencies = (
			);
			name = WebsiteShots;
			productName = WebsiteShots;
			productReference = BD67452220026F3200840B6F /* WebsiteShots.app */;
			productType = "com.apple.product-type.application";
		};
/* End PBXNativeTarget section */

/* Begin PBXProject section */
		BD67451A20026F3200840B6F /* Project object */ = {
			isa = PBXProject;
			attributes = {
				LastSwiftUpdateCheck = 0920;
				LastUpgradeCheck = 0920;
				ORGANIZATIONNAME = "AHMED LOTFY";
				TargetAttributes = {
					BD67452120026F3200840B6F = {
						CreatedOnToolsVersion = 9.2;
						ProvisioningStyle = Automatic;
					};
				};
			};
			buildConfigurationList = BD67451D20026F3200840B6F /* Build configuration list for PBXProject "WebsiteShots" */;
			compatibilityVersion = "Xcode 8.0";
			developmentRegion = en;
			hasScannedForEncodings = 0;
			knownRegions = (
				en,
				Base,
			);
			mainGroup = BD67451920026F3200840B6F;
			productRefGroup = BD67452320026F3200840B6F /* Products */;
			projectDirPath = "";
			projectRoot = "";
			targets = (
				BD67452120026F3200840B6F /* WebsiteShots */,
			);
		};
/* End PBXProject section */

/* Begin PBXResourcesBuildPhase section */
		BD67452020026F3200840B6F /* Resources */ = {
			isa = PBXResourcesBuildPhase;
			buildActionMask = 2147483647;
			files = (
				BD67453020026F3200840B6F /* LaunchScreen.storyboard in Resources */,
				BD67452D20026F3200840B6F /* Assets.xcassets in Resources */,
				BD67452B20026F3200840B6F /* Main.storyboard in Resources */,
			);
			runOnlyForDeploymentPostprocessing = 0;
		};
/* End PBXResourcesBuildPhase section */

/* Begin PBXSourcesBuildPhase section */
		BD67451E20026F3200840B6F /* Sources */ = {
			isa = PBXSourcesBuildPhase;
			buildActionMask = 2147483647;
			files = (
				BDF60FFF2003552200F54107 /* UIView+screenshot.swift in Sources */,
				BDF6101D200362A100F54107 /* DataStore.swift in Sources */,
				BD67452820026F3200840B6F /* ViewController.swift in Sources */,
				BDF610192003623100F54107 /* CollectionViewCell.swift in Sources */,
				BDDF885020036E5E00683827 /* Screenshot.swift in Sources */,
				BD67452620026F3200840B6F /* AppDelegate.swift in Sources */,
				BDF6101B2003627D00F54107 /* PhotosViewController.swift in Sources */,
			);
			runOnlyForDeploymentPostprocessing = 0;
		};
/* End PBXSourcesBuildPhase section */

/* Begin PBXVariantGroup section */
		BD67452920026F3200840B6F /* Main.storyboard */ = {
			isa = PBXVariantGroup;
			children = (
				BD67452A20026F3200840B6F /* Base */,
			);
			name = Main.storyboard;
			sourceTree = "<group>";
		};
		BD67452E20026F3200840B6F /* LaunchScreen.storyboard */ = {
			isa = PBXVariantGroup;
			children = (
				BD67452F20026F3200840B6F /* Base */,
			);
			name = LaunchScreen.storyboard;
			sourceTree = "<group>";
		};
/* End PBXVariantGroup section */

/* Begin XCBuildConfiguration section */
		BD67453220026F3200840B6F /* Debug */ = {
			isa = XCBuildConfiguration;
			buildSettings = {
				ALWAYS_SEARCH_USER_PATHS = NO;
				CLANG_ANALYZER_NONNULL = YES;
				CLANG_ANALYZER_NUMBER_OBJECT_CONVERSION = YES_AGGRESSIVE;
				CLANG_CXX_LANGUAGE_STANDARD = "gnu++14";
				CLANG_CXX_LIBRARY = "libc++";
				CLANG_ENABLE_MODULES = YES;
				CLANG_ENABLE_OBJC_ARC = YES;
				CLANG_WARN_BLOCK_CAPTURE_AUTORELEASING = YES;
				CLANG_WARN_BOOL_CONVERSION = YES;
				CLANG_WARN_COMMA = YES;
				CLANG_WARN_CONSTANT_CONVERSION = YES;
				CLANG_WARN_DIRECT_OBJC_ISA_USAGE = YES_ERROR;
				CLANG_WARN_DOCUMENTATION_COMMENTS = YES;
				CLANG_WARN_EMPTY_BODY = YES;
				CLANG_WARN_ENUM_CONVERSION = YES;
				CLANG_WARN_INFINITE_RECURSION = YES;
				CLANG_WARN_INT_CONVERSION = YES;
				CLANG_WARN_NON_LITERAL_NULL_CONVERSION = YES;
				CLANG_WARN_OBJC_LITERAL_CONVERSION = YES;
				CLANG_WARN_OBJC_ROOT_CLASS = YES_ERROR;
				CLANG_WARN_RANGE_LOOP_ANALYSIS = YES;
				CLANG_WARN_STRICT_PROTOTYPES = YES;
				CLANG_WARN_SUSPICIOUS_MOVE = YES;
				CLANG_WARN_UNGUARDED_AVAILABILITY = YES_AGGRESSIVE;
				CLANG_WARN_UNREACHABLE_CODE = YES;
				CLANG_WARN__DUPLICATE_METHOD_MATCH = YES;
				CODE_SIGN_IDENTITY = "iPhone Developer";
				COPY_PHASE_STRIP = NO;
				DEBUG_INFORMATION_FORMAT = dwarf;
				ENABLE_STRICT_OBJC_MSGSEND = YES;
				ENABLE_TESTABILITY = YES;
				GCC_C_LANGUAGE_STANDARD = gnu11;
				GCC_DYNAMIC_NO_PIC = NO;
				GCC_NO_COMMON_BLOCKS = YES;
				GCC_OPTIMIZATION_LEVEL = 0;
				GCC_PREPROCESSOR_DEFINITIONS = (
					"DEBUG=1",
					"$(inherited)",
				);
				GCC_WARN_64_TO_32_BIT_CONVERSION = YES;
				GCC_WARN_ABOUT_RETURN_TYPE = YES_ERROR;
				GCC_WARN_UNDECLARED_SELECTOR = YES;
				GCC_WARN_UNINITIALIZED_AUTOS = YES_AGGRESSIVE;
				GCC_WARN_UNUSED_FUNCTION = YES;
				GCC_WARN_UNUSED_VARIABLE = YES;
				IPHONEOS_DEPLOYMENT_TARGET = 11.2;
				MTL_ENABLE_DEBUG_INFO = YES;
				ONLY_ACTIVE_ARCH = YES;
				SDKROOT = iphoneos;
				SWIFT_ACTIVE_COMPILATION_CONDITIONS = DEBUG;
				SWIFT_OPTIMIZATION_LEVEL = "-Onone";
			};
			name = Debug;
		};
		BD67453320026F3200840B6F /* Release */ = {
			isa = XCBuildConfiguration;
			buildSettings = {
				ALWAYS_SEARCH_USER_PATHS = NO;
				CLANG_ANALYZER_NONNULL = YES;
				CLANG_ANALYZER_NUMBER_OBJECT_CONVERSION = YES_AGGRESSIVE;
				CLANG_CXX_LANGUAGE_STANDARD = "gnu++14";
				CLANG_CXX_LIBRARY = "libc++";
				CLANG_ENABLE_MODULES = YES;
				CLANG_ENABLE_OBJC_ARC = YES;
				CLANG_WARN_BLOCK_CAPTURE_AUTORELEASING = YES;
				CLANG_WARN_BOOL_CONVERSION = YES;
				CLANG_WARN_COMMA = YES;
				CLANG_WARN_CONSTANT_CONVERSION = YES;
				CLANG_WARN_DIRECT_OBJC_ISA_USAGE = YES_ERROR;
				CLANG_WARN_DOCUMENTATION_COMMENTS = YES;
				CLANG_WARN_EMPTY_BODY = YES;
				CLANG_WARN_ENUM_CONVERSION = YES;
				CLANG_WARN_INFINITE_RECURSION = YES;
				CLANG_WARN_INT_CONVERSION = YES;
				CLANG_WARN_NON_LITERAL_NULL_CONVERSION = YES;
				CLANG_WARN_OBJC_LITERAL_CONVERSION = YES;
				CLANG_WARN_OBJC_ROOT_CLASS = YES_ERROR;
				CLANG_WARN_RANGE_LOOP_ANALYSIS = YES;
				CLANG_WARN_STRICT_PROTOTYPES = YES;
				CLANG_WARN_SUSPICIOUS_MOVE = YES;
				CLANG_WARN_UNGUARDED_AVAILABILITY = YES_AGGRESSIVE;
				CLANG_WARN_UNREACHABLE_CODE = YES;
				CLANG_WARN__DUPLICATE_METHOD_MATCH = YES;
				CODE_SIGN_IDENTITY = "iPhone Developer";
				COPY_PHASE_STRIP = NO;
				DEBUG_INFORMATION_FORMAT = "dwarf-with-dsym";
				ENABLE_NS_ASSERTIONS = NO;
				ENABLE_STRICT_OBJC_MSGSEND = YES;
				GCC_C_LANGUAGE_STANDARD = gnu11;
				GCC_NO_COMMON_BLOCKS = YES;
				GCC_WARN_64_TO_32_BIT_CONVERSION = YES;
				GCC_WARN_ABOUT_RETURN_TYPE = YES_ERROR;
				GCC_WARN_UNDECLARED_SELECTOR = YES;
				GCC_WARN_UNINITIALIZED_AUTOS = YES_AGGRESSIVE;
				GCC_WARN_UNUSED_FUNCTION = YES;
				GCC_WARN_UNUSED_VARIABLE = YES;
				IPHONEOS_DEPLOYMENT_TARGET = 11.2;
				MTL_ENABLE_DEBUG_INFO = NO;
				SDKROOT = iphoneos;
				SWIFT_OPTIMIZATION_LEVEL = "-Owholemodule";
				VALIDATE_PRODUCT = YES;
			};
			name = Release;
		};
		BD67453520026F3200840B6F /* Debug */ = {
			isa = XCBuildConfiguration;
			buildSettings = {
				ASSETCATALOG_COMPILER_APPICON_NAME = AppIcon;
				CODE_SIGN_STYLE = Automatic;
				DEVELOPMENT_TEAM = MDBBH5S24M;
				INFOPLIST_FILE = WebsiteShots/Info.plist;
				LD_RUNPATH_SEARCH_PATHS = "$(inherited) @executable_path/Frameworks";
				PRODUCT_BUNDLE_IDENTIFIER = com.badrit.WebsiteShots;
				PRODUCT_NAME = "$(TARGET_NAME)";
				SWIFT_VERSION = 4.0;
				TARGETED_DEVICE_FAMILY = "1,2";
			};
			name = Debug;
		};
		BD67453620026F3200840B6F /* Release */ = {
			isa = XCBuildConfiguration;
			buildSettings = {
				ASSETCATALOG_COMPILER_APPICON_NAME = AppIcon;
				CODE_SIGN_STYLE = Automatic;
				DEVELOPMENT_TEAM = MDBBH5S24M;
				INFOPLIST_FILE = WebsiteShots/Info.plist;
				LD_RUNPATH_SEARCH_PATHS = "$(inherited) @executable_path/Frameworks";
				PRODUCT_BUNDLE_IDENTIFIER = com.badrit.WebsiteShots;
				PRODUCT_NAME = "$(TARGET_NAME)";
				SWIFT_VERSION = 4.0;
				TARGETED_DEVICE_FAMILY = "1,2";
			};
			name = Release;
		};
/* End XCBuildConfiguration section */

/* Begin XCConfigurationList section */
		BD67451D20026F3200840B6F /* Build configuration list for PBXProject "WebsiteShots" */ = {
			isa = XCConfigurationList;
			buildConfigurations = (
				BD67453220026F3200840B6F /* Debug */,
				BD67453320026F3200840B6F /* Release */,
			);
			defaultConfigurationIsVisible = 0;
			defaultConfigurationName = Release;
		};
		BD67453420026F3200840B6F /* Build configuration list for PBXNativeTarget "WebsiteShots" */ = {
			isa = XCConfigurationList;
			buildConfigurations = (
				BD67453520026F3200840B6F /* Debug */,
				BD67453620026F3200840B6F /* Release */,
			);
			defaultConfigurationIsVisible = 0;
			defaultConfigurationName = Release;
		};
/* End XCConfigurationList section */
	};
	rootObject = BD67451A20026F3200840B6F /* Project object */;
}
